
Microsoft Visual Studio Solution File, Format Version 12.00
# Visual Studio Version 17
VisualStudioVersion = 17.5.33502.453
MinimumVisualStudioVersion = 10.0.40219.1
Project("{9A19103F-16F7-4668-BE54-9A1E7A4F7556}") = "MoneyProject.Persistance", "MoneyProject.Persistance\MoneyProject.Persistance.csproj", "{483F22A5-1CA3-457B-AA1B-AF847C418FDA}"
EndProject
Project("{FAE04EC0-301F-11D3-BF4B-00C04F79EFBC}") = "MoneyProject.Api", "MoneyProject.Api\MoneyProject.Api.csproj", "{7A88FB54-8847-4D5C-9F85-472E526C0139}"
EndProject
Global
	GlobalSection(SolutionConfigurationPlatforms) = preSolution
		Debug|Any CPU = Debug|Any CPU
		Release|Any CPU = Release|Any CPU
	EndGlobalSection
	GlobalSection(ProjectConfigurationPlatforms) = postSolution
		{483F22A5-1CA3-457B-AA1B-AF847C418FDA}.Debug|Any CPU.ActiveCfg = Debug|Any CPU
		{483F22A5-1CA3-457B-AA1B-AF847C418FDA}.Debug|Any CPU.Build.0 = Debug|Any CPU
		{483F22A5-1CA3-457B-AA1B-AF847C418FDA}.Release|Any CPU.ActiveCfg = Release|Any CPU
		{483F22A5-1CA3-457B-AA1B-AF847C418FDA}.Release|Any CPU.Build.0 = Release|Any CPU
		{7A88FB54-8847-4D5C-9F85-472E526C0139}.Debug|Any CPU.ActiveCfg = Debug|Any CPU
		{7A88FB54-8847-4D5C-9F85-472E526C0139}.Debug|Any CPU.Build.0 = Debug|Any CPU
		{7A88FB54-8847-4D5C-9F85-472E526C0139}.Release|Any CPU.ActiveCfg = Release|Any CPU
		{7A88FB54-8847-4D5C-9F85-472E526C0139}.Release|Any CPU.Build.0 = Release|Any CPU
	EndGlobalSection
	GlobalSection(SolutionProperties) = preSolution
		HideSolutionNode = FALSE
	EndGlobalSection
	GlobalSection(ExtensibilityGlobals) = postSolution
		SolutionGuid = {4EE5E6D0-4E5E-40C7-8127-2BD40FA36B28}
	EndGlobalSection
EndGlobal
